# THIS IS AN AUTOGENERATED FILE. DO NOT EDIT THIS FILE DIRECTLY.
# yarn lockfile v1


ci-env@^1.14.0:
  version "1.14.0"
  resolved "https://registry.yarnpkg.com/ci-env/-/ci-env-1.14.0.tgz#917867ed4d3580a1ea2776b235a70bcb9b8e0791"
  integrity sha512-rSoyr8Fvlr3BBlCrIFmeTiIL1ORU3QRJamirxCOot0DpRO7i8ityqoKfoOXa1NVrrSNCdaPmt9al/2ebD2v3cg==
